
Microsoft Visual Studio Solution File, Format Version 12.00
# Visual Studio Version 17
VisualStudioVersion = 17.3.32929.385
MinimumVisualStudioVersion = 10.0.40219.1
Project("{9A19103F-16F7-4668-BE54-9A1E7A4F7556}") = "ChildCareApi", "ChildCareApi\ChildCareApi.csproj", "{D55C1E68-2921-4A00-B146-0EE364804782}"
EndProject
Project("{9A19103F-16F7-4668-BE54-9A1E7A4F7556}") = "ChildCareCore", "ChildCareCore\ChildCareCore.csproj", "{D94106C1-4DC0-4191-A916-F6A8ABEB3B59}"
EndProject
Project("{9A19103F-16F7-4668-BE54-9A1E7A4F7556}") = "ChildCareInfra", "ChildCareInfra\ChildCareInfra.csproj", "{DBA9B722-E963-41DB-836D-6703D24352B3}"
EndProject
Project("{9A19103F-16F7-4668-BE54-9A1E7A4F7556}") = "ChildCare.DTOs", "ChildCare.DTOs\ChildCare.DTOs.csproj", "{48A5F28F-B23F-45CA-B670-CD01AF89DDDC}"
EndProject
Project("{9A19103F-16F7-4668-BE54-9A1E7A4F7556}") = "ChildCare", "ChildCare\ChildCare.csproj", "{0A1CE488-23E5-4D29-8AE1-3F2B8BFD92C3}"
EndProject
Global
	GlobalSection(SolutionConfigurationPlatforms) = preSolution
		Debug|Any CPU = Debug|Any CPU
		Release|Any CPU = Release|Any CPU
	EndGlobalSection
	GlobalSection(ProjectConfigurationPlatforms) = postSolution
		{D55C1E68-2921-4A00-B146-0EE364804782}.Debug|Any CPU.ActiveCfg = Debug|Any CPU
		{D55C1E68-2921-4A00-B146-0EE364804782}.Debug|Any CPU.Build.0 = Debug|Any CPU
		{D55C1E68-2921-4A00-B146-0EE364804782}.Release|Any CPU.ActiveCfg = Release|Any CPU
		{D55C1E68-2921-4A00-B146-0EE364804782}.Release|Any CPU.Build.0 = Release|Any CPU
		{D94106C1-4DC0-4191-A916-F6A8ABEB3B59}.Debug|Any CPU.ActiveCfg = Debug|Any CPU
		{D94106C1-4DC0-4191-A916-F6A8ABEB3B59}.Debug|Any CPU.Build.0 = Debug|Any CPU
		{D94106C1-4DC0-4191-A916-F6A8ABEB3B59}.Release|Any CPU.ActiveCfg = Release|Any CPU
		{D94106C1-4DC0-4191-A916-F6A8ABEB3B59}.Release|Any CPU.Build.0 = Release|Any CPU
		{DBA9B722-E963-41DB-836D-6703D24352B3}.Debug|Any CPU.ActiveCfg = Debug|Any CPU
		{DBA9B722-E963-41DB-836D-6703D24352B3}.Debug|Any CPU.Build.0 = Debug|Any CPU
		{DBA9B722-E963-41DB-836D-6703D24352B3}.Release|Any CPU.ActiveCfg = Release|Any CPU
		{DBA9B722-E963-41DB-836D-6703D24352B3}.Release|Any CPU.Build.0 = Release|Any CPU
		{48A5F28F-B23F-45CA-B670-CD01AF89DDDC}.Debug|Any CPU.ActiveCfg = Debug|Any CPU
		{48A5F28F-B23F-45CA-B670-CD01AF89DDDC}.Debug|Any CPU.Build.0 = Debug|Any CPU
		{48A5F28F-B23F-45CA-B670-CD01AF89DDDC}.Release|Any CPU.ActiveCfg = Release|Any CPU
		{48A5F28F-B23F-45CA-B670-CD01AF89DDDC}.Release|Any CPU.Build.0 = Release|Any CPU
		{0A1CE488-23E5-4D29-8AE1-3F2B8BFD92C3}.Debug|Any CPU.ActiveCfg = Debug|Any CPU
		{0A1CE488-23E5-4D29-8AE1-3F2B8BFD92C3}.Debug|Any CPU.Build.0 = Debug|Any CPU
		{0A1CE488-23E5-4D29-8AE1-3F2B8BFD92C3}.Release|Any CPU.ActiveCfg = Release|Any CPU
		{0A1CE488-23E5-4D29-8AE1-3F2B8BFD92C3}.Release|Any CPU.Build.0 = Release|Any CPU
	EndGlobalSection
	GlobalSection(SolutionProperties) = preSolution
		HideSolutionNode = FALSE
	EndGlobalSection
	GlobalSection(ExtensibilityGlobals) = postSolution
		SolutionGuid = {BDEC8DA2-C1D3-4CC0-BBE1-F6B6A1D96EFD}
	EndGlobalSection
EndGlobal
